
Microsoft Visual Studio Solution File, Format Version 12.00
# Visual Studio Version 17
VisualStudioVersion = 17.12.35527.113 d17.12
MinimumVisualStudioVersion = 10.0.40219.1
Project("{FAE04EC0-301F-11D3-BF4B-00C04F79EFBC}") = "Практическая №11", "Практическая №11.csproj", "{58657EA0-BB35-40EF-8C2E-3135B068ADB9}"
EndProject
Project("{FAE04EC0-301F-11D3-BF4B-00C04F79EFBC}") = "Task 2", "..\Task 2\Task 2.csproj", "{4D38F7E7-C44D-4526-99BD-0558BFCFF9A4}"
EndProject
Project("{FAE04EC0-301F-11D3-BF4B-00C04F79EFBC}") = "Task 3", "..\Task 3\Task 3.csproj", "{4931D043-C33C-4978-A435-3752BA4EF953}"
EndProject
Project("{FAE04EC0-301F-11D3-BF4B-00C04F79EFBC}") = "Task 4", "..\Task 4\Task 4.csproj", "{34B0ED86-3824-46C7-A661-87D7982EBE1C}"
EndProject
Global
	GlobalSection(SolutionConfigurationPlatforms) = preSolution
		Debug|Any CPU = Debug|Any CPU
		Release|Any CPU = Release|Any CPU
	EndGlobalSection
	GlobalSection(ProjectConfigurationPlatforms) = postSolution
		{58657EA0-BB35-40EF-8C2E-3135B068ADB9}.Debug|Any CPU.ActiveCfg = Debug|Any CPU
		{58657EA0-BB35-40EF-8C2E-3135B068ADB9}.Debug|Any CPU.Build.0 = Debug|Any CPU
		{58657EA0-BB35-40EF-8C2E-3135B068ADB9}.Release|Any CPU.ActiveCfg = Release|Any CPU
		{58657EA0-BB35-40EF-8C2E-3135B068ADB9}.Release|Any CPU.Build.0 = Release|Any CPU
		{4D38F7E7-C44D-4526-99BD-0558BFCFF9A4}.Debug|Any CPU.ActiveCfg = Debug|Any CPU
		{4D38F7E7-C44D-4526-99BD-0558BFCFF9A4}.Debug|Any CPU.Build.0 = Debug|Any CPU
		{4D38F7E7-C44D-4526-99BD-0558BFCFF9A4}.Release|Any CPU.ActiveCfg = Release|Any CPU
		{4D38F7E7-C44D-4526-99BD-0558BFCFF9A4}.Release|Any CPU.Build.0 = Release|Any CPU
		{4931D043-C33C-4978-A435-3752BA4EF953}.Debug|Any CPU.ActiveCfg = Debug|Any CPU
		{4931D043-C33C-4978-A435-3752BA4EF953}.Debug|Any CPU.Build.0 = Debug|Any CPU
		{4931D043-C33C-4978-A435-3752BA4EF953}.Release|Any CPU.ActiveCfg = Release|Any CPU
		{4931D043-C33C-4978-A435-3752BA4EF953}.Release|Any CPU.Build.0 = Release|Any CPU
		{34B0ED86-3824-46C7-A661-87D7982EBE1C}.Debug|Any CPU.ActiveCfg = Debug|Any CPU
		{34B0ED86-3824-46C7-A661-87D7982EBE1C}.Debug|Any CPU.Build.0 = Debug|Any CPU
		{34B0ED86-3824-46C7-A661-87D7982EBE1C}.Release|Any CPU.ActiveCfg = Release|Any CPU
		{34B0ED86-3824-46C7-A661-87D7982EBE1C}.Release|Any CPU.Build.0 = Release|Any CPU
	EndGlobalSection
	GlobalSection(SolutionProperties) = preSolution
		HideSolutionNode = FALSE
	EndGlobalSection
EndGlobal
